// !$*UTF8*$!
{
	archiveVersion = 1;
	classes = {
	};
	objectVersion = 56;
	objects = {

/* Begin PBXBuildFile section */
		89435BD72C6B9089007483CD /* PopcornVaultApp.swift in Sources */ = {isa = PBXBuildFile; fileRef = 89435BD62C6B9089007483CD /* PopcornVaultApp.swift */; };
		89435BD92C6B9089007483CD /* MainView.swift in Sources */ = {isa = PBXBuildFile; fileRef = 89435BD82C6B9089007483CD /* MainView.swift */; };
		89435BDE2C6B908B007483CD /* Preview Assets.xcassets in Resources */ = {isa = PBXBuildFile; fileRef = 89435BDD2C6B908B007483CD /* Preview Assets.xcassets */; };
		89435BEB2C6C9F72007483CD /* MovieService.swift in Sources */ = {isa = PBXBuildFile; fileRef = 89435BEA2C6C9F72007483CD /* MovieService.swift */; };
		89435BEE2C6CC2B9007483CD /* Alamofire in Frameworks */ = {isa = PBXBuildFile; productRef = 89435BED2C6CC2B9007483CD /* Alamofire */; };
		8970083D2C71FCD1008B3B1B /* MovieView.swift in Sources */ = {isa = PBXBuildFile; fileRef = 8970083C2C71FCD1008B3B1B /* MovieView.swift */; };
		8982ABD42C723563004EF377 /* VideoPlayer.swift in Sources */ = {isa = PBXBuildFile; fileRef = 8982ABD32C723563004EF377 /* VideoPlayer.swift */; };
		8982AC092C75D261004EF377 /* utils.swift in Sources */ = {isa = PBXBuildFile; fileRef = 8982AC082C75D261004EF377 /* utils.swift */; };
		8982AC0D2C7607AB004EF377 /* CachedImageView.swift in Sources */ = {isa = PBXBuildFile; fileRef = 8982AC0C2C7607AB004EF377 /* CachedImageView.swift */; };
		8982AC0F2C761FDF004EF377 /* Assets.xcassets in Resources */ = {isa = PBXBuildFile; fileRef = 8982AC0E2C761FDF004EF377 /* Assets.xcassets */; };
		8982AC112C762185004EF377 /* ImageCacher.swift in Sources */ = {isa = PBXBuildFile; fileRef = 8982AC102C762185004EF377 /* ImageCacher.swift */; };
		8982AC162C7798AC004EF377 /* PersonListView.swift in Sources */ = {isa = PBXBuildFile; fileRef = 8982AC152C7798AC004EF377 /* PersonListView.swift */; };
		898E5C8B2C6E4D2D0067149A /* Controller.swift in Sources */ = {isa = PBXBuildFile; fileRef = 898E5C8A2C6E4D2D0067149A /* Controller.swift */; };
/* End PBXBuildFile section */

/* Begin PBXFileReference section */
		89435BD32C6B9089007483CD /* PopcornVault.app */ = {isa = PBXFileReference; explicitFileType = wrapper.application; includeInIndex = 0; path = PopcornVault.app; sourceTree = BUILT_PRODUCTS_DIR; };
		89435BD62C6B9089007483CD /* PopcornVaultApp.swift */ = {isa = PBXFileReference; lastKnownFileType = sourcecode.swift; path = PopcornVaultApp.swift; sourceTree = "<group>"; };
		89435BD82C6B9089007483CD /* MainView.swift */ = {isa = PBXFileReference; lastKnownFileType = sourcecode.swift; path = MainView.swift; sourceTree = "<group>"; };
		89435BDD2C6B908B007483CD /* Preview Assets.xcassets */ = {isa = PBXFileReference; lastKnownFileType = folder.assetcatalog; path = "Preview Assets.xcassets"; sourceTree = "<group>"; };
		89435BE82C6C9185007483CD /* Config.xcconfig */ = {isa = PBXFileReference; lastKnownFileType = text.xcconfig; path = Config.xcconfig; sourceTree = "<group>"; };
		89435BE92C6C93E8007483CD /* Info.plist */ = {isa = PBXFileReference; lastKnownFileType = text.plist; path = Info.plist; sourceTree = "<group>"; };
		89435BEA2C6C9F72007483CD /* MovieService.swift */ = {isa = PBXFileReference; lastKnownFileType = sourcecode.swift; path = MovieService.swift; sourceTree = "<group>"; };
		8970083C2C71FCD1008B3B1B /* MovieView.swift */ = {isa = PBXFileReference; lastKnownFileType = sourcecode.swift; path = MovieView.swift; sourceTree = "<group>"; };
		8982ABD32C723563004EF377 /* VideoPlayer.swift */ = {isa = PBXFileReference; lastKnownFileType = sourcecode.swift; path = VideoPlayer.swift; sourceTree = "<group>"; };
		8982AC082C75D261004EF377 /* utils.swift */ = {isa = PBXFileReference; lastKnownFileType = sourcecode.swift; path = utils.swift; sourceTree = "<group>"; };
		8982AC0C2C7607AB004EF377 /* CachedImageView.swift */ = {isa = PBXFileReference; lastKnownFileType = sourcecode.swift; path = CachedImageView.swift; sourceTree = "<group>"; };
		8982AC0E2C761FDF004EF377 /* Assets.xcassets */ = {isa = PBXFileReference; lastKnownFileType = folder.assetcatalog; name = Assets.xcassets; path = ../../../.Trash/Assets.xcassets; sourceTree = "<group>"; };
		8982AC102C762185004EF377 /* ImageCacher.swift */ = {isa = PBXFileReference; lastKnownFileType = sourcecode.swift; path = ImageCacher.swift; sourceTree = "<group>"; };
		8982AC152C7798AC004EF377 /* PersonListView.swift */ = {isa = PBXFileReference; lastKnownFileType = sourcecode.swift; path = PersonListView.swift; sourceTree = "<group>"; };
		898E5C8A2C6E4D2D0067149A /* Controller.swift */ = {isa = PBXFileReference; lastKnownFileType = sourcecode.swift; path = Controller.swift; sourceTree = "<group>"; };
/* End PBXFileReference section */

/* Begin PBXFrameworksBuildPhase section */
		89435BD02C6B9089007483CD /* Frameworks */ = {
			isa = PBXFrameworksBuildPhase;
			buildActionMask = 2147483647;
			files = (
				89435BEE2C6CC2B9007483CD /* Alamofire in Frameworks */,
			);
			runOnlyForDeploymentPostprocessing = 0;
		};
/* End PBXFrameworksBuildPhase section */

/* Begin PBXGroup section */
		89435BCA2C6B9089007483CD = {
			isa = PBXGroup;
			children = (
				89435BD52C6B9089007483CD /* PopcornVault */,
				89435BD42C6B9089007483CD /* Products */,
			);
			sourceTree = "<group>";
		};
		89435BD42C6B9089007483CD /* Products */ = {
			isa = PBXGroup;
			children = (
				89435BD32C6B9089007483CD /* PopcornVault.app */,
			);
			name = Products;
			sourceTree = "<group>";
		};
		89435BD52C6B9089007483CD /* PopcornVault */ = {
			isa = PBXGroup;
			children = (
				8982AC142C76345C004EF377 /* View */,
				8982AC132C763450004EF377 /* Controller */,
				8982AC122C763430004EF377 /* Model */,
				8982ABD32C723563004EF377 /* VideoPlayer.swift */,
				8982AC102C762185004EF377 /* ImageCacher.swift */,
				8982AC082C75D261004EF377 /* utils.swift */,
				89435BE92C6C93E8007483CD /* Info.plist */,
				8982AC0E2C761FDF004EF377 /* Assets.xcassets */,
				89435BE82C6C9185007483CD /* Config.xcconfig */,
				89435BDC2C6B908B007483CD /* Preview Content */,
			);
			path = PopcornVault;
			sourceTree = "<group>";
		};
		89435BDC2C6B908B007483CD /* Preview Content */ = {
			isa = PBXGroup;
			children = (
				89435BDD2C6B908B007483CD /* Preview Assets.xcassets */,
			);
			path = "Preview Content";
			sourceTree = "<group>";
		};
		8982AC122C763430004EF377 /* Model */ = {
			isa = PBXGroup;
			children = (
				89435BEA2C6C9F72007483CD /* MovieService.swift */,
			);
			path = Model;
			sourceTree = "<group>";
		};
		8982AC132C763450004EF377 /* Controller */ = {
			isa = PBXGroup;
			children = (
				898E5C8A2C6E4D2D0067149A /* Controller.swift */,
			);
			path = Controller;
			sourceTree = "<group>";
		};
		8982AC142C76345C004EF377 /* View */ = {
			isa = PBXGroup;
			children = (
				89435BD62C6B9089007483CD /* PopcornVaultApp.swift */,
				89435BD82C6B9089007483CD /* MainView.swift */,
				8970083C2C71FCD1008B3B1B /* MovieView.swift */,
				8982AC0C2C7607AB004EF377 /* CachedImageView.swift */,
				8982AC152C7798AC004EF377 /* PersonListView.swift */,
			);
			path = View;
			sourceTree = "<group>";
		};
/* End PBXGroup section */

/* Begin PBXNativeTarget section */
		89435BD22C6B9089007483CD /* PopcornVault */ = {
			isa = PBXNativeTarget;
			buildConfigurationList = 89435BE12C6B908B007483CD /* Build configuration list for PBXNativeTarget "PopcornVault" */;
			buildPhases = (
				89435BCF2C6B9089007483CD /* Sources */,
				89435BD02C6B9089007483CD /* Frameworks */,
				89435BD12C6B9089007483CD /* Resources */,
			);
			buildRules = (
			);
			dependencies = (
			);
			name = PopcornVault;
			packageProductDependencies = (
				89435BED2C6CC2B9007483CD /* Alamofire */,
			);
			productName = PopcornVault;
			productReference = 89435BD32C6B9089007483CD /* PopcornVault.app */;
			productType = "com.apple.product-type.application";
		};
/* End PBXNativeTarget section */

/* Begin PBXProject section */
		89435BCB2C6B9089007483CD /* Project object */ = {
			isa = PBXProject;
			attributes = {
				BuildIndependentTargetsInParallel = 1;
				LastSwiftUpdateCheck = 1420;
				LastUpgradeCheck = 1420;
				TargetAttributes = {
					89435BD22C6B9089007483CD = {
						CreatedOnToolsVersion = 14.2;
					};
				};
			};
			buildConfigurationList = 89435BCE2C6B9089007483CD /* Build configuration list for PBXProject "PopcornVault" */;
			compatibilityVersion = "Xcode 14.0";
			developmentRegion = en;
			hasScannedForEncodings = 0;
			knownRegions = (
				en,
				Base,
			);
			mainGroup = 89435BCA2C6B9089007483CD;
			packageReferences = (
				89435BEC2C6CC2B8007483CD /* XCRemoteSwiftPackageReference "Alamofire" */,
			);
			productRefGroup = 89435BD42C6B9089007483CD /* Products */;
			projectDirPath = "";
			projectRoot = "";
			targets = (
				89435BD22C6B9089007483CD /* PopcornVault */,
			);
		};
/* End PBXProject section */

/* Begin PBXResourcesBuildPhase section */
		89435BD12C6B9089007483CD /* Resources */ = {
			isa = PBXResourcesBuildPhase;
			buildActionMask = 2147483647;
			files = (
				8982AC0F2C761FDF004EF377 /* Assets.xcassets in Resources */,
				89435BDE2C6B908B007483CD /* Preview Assets.xcassets in Resources */,
			);
			runOnlyForDeploymentPostprocessing = 0;
		};
/* End PBXResourcesBuildPhase section */

/* Begin PBXSourcesBuildPhase section */
		89435BCF2C6B9089007483CD /* Sources */ = {
			isa = PBXSourcesBuildPhase;
			buildActionMask = 2147483647;
			files = (
				8970083D2C71FCD1008B3B1B /* MovieView.swift in Sources */,
				8982AC092C75D261004EF377 /* utils.swift in Sources */,
				8982AC112C762185004EF377 /* ImageCacher.swift in Sources */,
				89435BEB2C6C9F72007483CD /* MovieService.swift in Sources */,
				8982ABD42C723563004EF377 /* VideoPlayer.swift in Sources */,
				8982AC162C7798AC004EF377 /* PersonListView.swift in Sources */,
				89435BD92C6B9089007483CD /* MainView.swift in Sources */,
				89435BD72C6B9089007483CD /* PopcornVaultApp.swift in Sources */,
				8982AC0D2C7607AB004EF377 /* CachedImageView.swift in Sources */,
				898E5C8B2C6E4D2D0067149A /* Controller.swift in Sources */,
			);
			runOnlyForDeploymentPostprocessing = 0;
		};
/* End PBXSourcesBuildPhase section */

/* Begin XCBuildConfiguration section */
		89435BDF2C6B908B007483CD /* Debug */ = {
			isa = XCBuildConfiguration;
			baseConfigurationReference = 89435BE82C6C9185007483CD /* Config.xcconfig */;
			buildSettings = {
				ALWAYS_SEARCH_USER_PATHS = NO;
				CLANG_ANALYZER_NONNULL = YES;
				CLANG_ANALYZER_NUMBER_OBJECT_CONVERSION = YES_AGGRESSIVE;
				CLANG_CXX_LANGUAGE_STANDARD = "gnu++20";
				CLANG_ENABLE_MODULES = YES;
				CLANG_ENABLE_OBJC_ARC = YES;
				CLANG_ENABLE_OBJC_WEAK = YES;
				CLANG_WARN_BLOCK_CAPTURE_AUTORELEASING = YES;
				CLANG_WARN_BOOL_CONVERSION = YES;
				CLANG_WARN_COMMA = YES;
				CLANG_WARN_CONSTANT_CONVERSION = YES;
				CLANG_WARN_DEPRECATED_OBJC_IMPLEMENTATIONS = YES;
				CLANG_WARN_DIRECT_OBJC_ISA_USAGE = YES_ERROR;
				CLANG_WARN_DOCUMENTATION_COMMENTS = YES;
				CLANG_WARN_EMPTY_BODY = YES;
				CLANG_WARN_ENUM_CONVERSION = YES;
				CLANG_WARN_INFINITE_RECURSION = YES;
				CLANG_WARN_INT_CONVERSION = YES;
				CLANG_WARN_NON_LITERAL_NULL_CONVERSION = YES;
				CLANG_WARN_OBJC_IMPLICIT_RETAIN_SELF = YES;
				CLANG_WARN_OBJC_LITERAL_CONVERSION = YES;
				CLANG_WARN_OBJC_ROOT_CLASS = YES_ERROR;
				CLANG_WARN_QUOTED_INCLUDE_IN_FRAMEWORK_HEADER = YES;
				CLANG_WARN_RANGE_LOOP_ANALYSIS = YES;
				CLANG_WARN_STRICT_PROTOTYPES = YES;
				CLANG_WARN_SUSPICIOUS_MOVE = YES;
				CLANG_WARN_UNGUARDED_AVAILABILITY = YES_AGGRESSIVE;
				CLANG_WARN_UNREACHABLE_CODE = YES;
				CLANG_WARN__DUPLICATE_METHOD_MATCH = YES;
				COPY_PHASE_STRIP = NO;
				DEBUG_INFORMATION_FORMAT = dwarf;
				ENABLE_STRICT_OBJC_MSGSEND = YES;
				ENABLE_TESTABILITY = YES;
				GCC_C_LANGUAGE_STANDARD = gnu11;
				GCC_DYNAMIC_NO_PIC = NO;
				GCC_NO_COMMON_BLOCKS = YES;
				GCC_OPTIMIZATION_LEVEL = 0;
				GCC_PREPROCESSOR_DEFINITIONS = (
					"DEBUG=1",
					"$(inherited)",
				);
				GCC_WARN_64_TO_32_BIT_CONVERSION = YES;
				GCC_WARN_ABOUT_RETURN_TYPE = YES_ERROR;
				GCC_WARN_UNDECLARED_SELECTOR = YES;
				GCC_WARN_UNINITIALIZED_AUTOS = YES_AGGRESSIVE;
				GCC_WARN_UNUSED_FUNCTION = YES;
				GCC_WARN_UNUSED_VARIABLE = YES;
				IPHONEOS_DEPLOYMENT_TARGET = 16.2;
				MTL_ENABLE_DEBUG_INFO = INCLUDE_SOURCE;
				MTL_FAST_MATH = YES;
				ONLY_ACTIVE_ARCH = YES;
				SDKROOT = iphoneos;
				SWIFT_ACTIVE_COMPILATION_CONDITIONS = DEBUG;
				SWIFT_OPTIMIZATION_LEVEL = "-Onone";
			};
			name = Debug;
		};
		89435BE02C6B908B007483CD /* Release */ = {
			isa = XCBuildConfiguration;
			baseConfigurationReference = 89435BE82C6C9185007483CD /* Config.xcconfig */;
			buildSettings = {
				ALWAYS_SEARCH_USER_PATHS = NO;
				CLANG_ANALYZER_NONNULL = YES;
				CLANG_ANALYZER_NUMBER_OBJECT_CONVERSION = YES_AGGRESSIVE;
				CLANG_CXX_LANGUAGE_STANDARD = "gnu++20";
				CLANG_ENABLE_MODULES = YES;
				CLANG_ENABLE_OBJC_ARC = YES;
				CLANG_ENABLE_OBJC_WEAK = YES;
				CLANG_WARN_BLOCK_CAPTURE_AUTORELEASING = YES;
				CLANG_WARN_BOOL_CONVERSION = YES;
				CLANG_WARN_COMMA = YES;
				CLANG_WARN_CONSTANT_CONVERSION = YES;
				CLANG_WARN_DEPRECATED_OBJC_IMPLEMENTATIONS = YES;
				CLANG_WARN_DIRECT_OBJC_ISA_USAGE = YES_ERROR;
				CLANG_WARN_DOCUMENTATION_COMMENTS = YES;
				CLANG_WARN_EMPTY_BODY = YES;
				CLANG_WARN_ENUM_CONVERSION = YES;
				CLANG_WARN_INFINITE_RECURSION = YES;
				CLANG_WARN_INT_CONVERSION = YES;
				CLANG_WARN_NON_LITERAL_NULL_CONVERSION = YES;
				CLANG_WARN_OBJC_IMPLICIT_RETAIN_SELF = YES;
				CLANG_WARN_OBJC_LITERAL_CONVERSION = YES;
				CLANG_WARN_OBJC_ROOT_CLASS = YES_ERROR;
				CLANG_WARN_QUOTED_INCLUDE_IN_FRAMEWORK_HEADER = YES;
				CLANG_WARN_RANGE_LOOP_ANALYSIS = YES;
				CLANG_WARN_STRICT_PROTOTYPES = YES;
				CLANG_WARN_SUSPICIOUS_MOVE = YES;
				CLANG_WARN_UNGUARDED_AVAILABILITY = YES_AGGRESSIVE;
				CLANG_WARN_UNREACHABLE_CODE = YES;
				CLANG_WARN__DUPLICATE_METHOD_MATCH = YES;
				COPY_PHASE_STRIP = NO;
				DEBUG_INFORMATION_FORMAT = "dwarf-with-dsym";
				ENABLE_NS_ASSERTIONS = NO;
				ENABLE_STRICT_OBJC_MSGSEND = YES;
				GCC_C_LANGUAGE_STANDARD = gnu11;
				GCC_NO_COMMON_BLOCKS = YES;
				GCC_WARN_64_TO_32_BIT_CONVERSION = YES;
				GCC_WARN_ABOUT_RETURN_TYPE = YES_ERROR;
				GCC_WARN_UNDECLARED_SELECTOR = YES;
				GCC_WARN_UNINITIALIZED_AUTOS = YES_AGGRESSIVE;
				GCC_WARN_UNUSED_FUNCTION = YES;
				GCC_WARN_UNUSED_VARIABLE = YES;
				IPHONEOS_DEPLOYMENT_TARGET = 16.2;
				MTL_ENABLE_DEBUG_INFO = NO;
				MTL_FAST_MATH = YES;
				SDKROOT = iphoneos;
				SWIFT_COMPILATION_MODE = wholemodule;
				SWIFT_OPTIMIZATION_LEVEL = "-O";
				VALIDATE_PRODUCT = YES;
			};
			name = Release;
		};
		89435BE22C6B908B007483CD /* Debug */ = {
			isa = XCBuildConfiguration;
			buildSettings = {
				ASSETCATALOG_COMPILER_APPICON_NAME = AppIcon;
				ASSETCATALOG_COMPILER_GLOBAL_ACCENT_COLOR_NAME = AccentColor;
				CODE_SIGN_STYLE = Automatic;
				CURRENT_PROJECT_VERSION = 1;
				DEVELOPMENT_ASSET_PATHS = "\"PopcornVault/Preview Content\"";
				ENABLE_PREVIEWS = YES;
				GENERATE_INFOPLIST_FILE = YES;
				INFOPLIST_FILE = PopcornVault/Info.plist;
				INFOPLIST_KEY_UIApplicationSceneManifest_Generation = YES;
				INFOPLIST_KEY_UIApplicationSupportsIndirectInputEvents = YES;
				INFOPLIST_KEY_UILaunchScreen_Generation = YES;
				INFOPLIST_KEY_UISupportedInterfaceOrientations_iPad = "UIInterfaceOrientationPortrait UIInterfaceOrientationPortraitUpsideDown UIInterfaceOrientationLandscapeLeft UIInterfaceOrientationLandscapeRight";
				INFOPLIST_KEY_UISupportedInterfaceOrientations_iPhone = "UIInterfaceOrientationPortrait UIInterfaceOrientationLandscapeLeft UIInterfaceOrientationLandscapeRight";
				LD_RUNPATH_SEARCH_PATHS = (
					"$(inherited)",
					"@executable_path/Frameworks",
				);
				MARKETING_VERSION = 1.0;
				PRODUCT_BUNDLE_IDENTIFIER = Noga.PopcornVault;
				PRODUCT_NAME = "$(TARGET_NAME)";
				SWIFT_EMIT_LOC_STRINGS = YES;
				SWIFT_VERSION = 5.0;
				TARGETED_DEVICE_FAMILY = "1,2";
			};
			name = Debug;
		};
		89435BE32C6B908B007483CD /* Release */ = {
			isa = XCBuildConfiguration;
			buildSettings = {
				ASSETCATALOG_COMPILER_APPICON_NAME = AppIcon;
				ASSETCATALOG_COMPILER_GLOBAL_ACCENT_COLOR_NAME = AccentColor;
				CODE_SIGN_STYLE = Automatic;
				CURRENT_PROJECT_VERSION = 1;
				DEVELOPMENT_ASSET_PATHS = "\"PopcornVault/Preview Content\"";
				ENABLE_PREVIEWS = YES;
				GENERATE_INFOPLIST_FILE = YES;
				INFOPLIST_FILE = PopcornVault/Info.plist;
				INFOPLIST_KEY_UIApplicationSceneManifest_Generation = YES;
				INFOPLIST_KEY_UIApplicationSupportsIndirectInputEvents = YES;
				INFOPLIST_KEY_UILaunchScreen_Generation = YES;
				INFOPLIST_KEY_UISupportedInterfaceOrientations_iPad = "UIInterfaceOrientationPortrait UIInterfaceOrientationPortraitUpsideDown UIInterfaceOrientationLandscapeLeft UIInterfaceOrientationLandscapeRight";
				INFOPLIST_KEY_UISupportedInterfaceOrientations_iPhone = "UIInterfaceOrientationPortrait UIInterfaceOrientationLandscapeLeft UIInterfaceOrientationLandscapeRight";
				LD_RUNPATH_SEARCH_PATHS = (
					"$(inherited)",
					"@executable_path/Frameworks",
				);
				MARKETING_VERSION = 1.0;
				PRODUCT_BUNDLE_IDENTIFIER = Noga.PopcornVault;
				PRODUCT_NAME = "$(TARGET_NAME)";
				SWIFT_EMIT_LOC_STRINGS = YES;
				SWIFT_VERSION = 5.0;
				TARGETED_DEVICE_FAMILY = "1,2";
			};
			name = Release;
		};
/* End XCBuildConfiguration section */

/* Begin XCConfigurationList section */
		89435BCE2C6B9089007483CD /* Build configuration list for PBXProject "PopcornVault" */ = {
			isa = XCConfigurationList;
			buildConfigurations = (
				89435BDF2C6B908B007483CD /* Debug */,
				89435BE02C6B908B007483CD /* Release */,
			);
			defaultConfigurationIsVisible = 0;
			defaultConfigurationName = Release;
		};
		89435BE12C6B908B007483CD /* Build configuration list for PBXNativeTarget "PopcornVault" */ = {
			isa = XCConfigurationList;
			buildConfigurations = (
				89435BE22C6B908B007483CD /* Debug */,
				89435BE32C6B908B007483CD /* Release */,
			);
			defaultConfigurationIsVisible = 0;
			defaultConfigurationName = Release;
		};
/* End XCConfigurationList section */

/* Begin XCRemoteSwiftPackageReference section */
		89435BEC2C6CC2B8007483CD /* XCRemoteSwiftPackageReference "Alamofire" */ = {
			isa = XCRemoteSwiftPackageReference;
			repositoryURL = "https://github.com/Alamofire/Alamofire";
			requirement = {
				kind = upToNextMajorVersion;
				minimumVersion = 5.0.0;
			};
		};
/* End XCRemoteSwiftPackageReference section */

/* Begin XCSwiftPackageProductDependency section */
		89435BED2C6CC2B9007483CD /* Alamofire */ = {
			isa = XCSwiftPackageProductDependency;
			package = 89435BEC2C6CC2B8007483CD /* XCRemoteSwiftPackageReference "Alamofire" */;
			productName = Alamofire;
		};
/* End XCSwiftPackageProductDependency section */
	};
	rootObject = 89435BCB2C6B9089007483CD /* Project object */;
}
